<?xml version="1.0" encoding="utf-8"?>
<Project ToolsVersion="4.0" xmlns="http://schemas.microsoft.com/developer/msbuild/2003">
  <ItemGroup>
    <Filter Include="Source Files">
      <UniqueIdentifier>{4FC737F1-C7A5-4376-A066-2A32D752A2FF}</UniqueIdentifier>
      <Extensions>cpp;c;cc;cxx;def;odl;idl;hpj;bat;asm;asmx</Extensions>
    </Filter>
    <Filter Include="Header Files">
      <UniqueIdentifier>{93995380-89BD-4b04-88EB-625FBE52EBFB}</UniqueIdentifier>
      <Extensions>h;hh;hpp;hxx;hm;inl;inc;xsd</Extensions>
    </Filter>
    <Filter Include="Resource Files">
      <UniqueIdentifier>{67DA6AB6-F800-4c08-8B7A-83BB121AAD01}</UniqueIdentifier>
      <Extensions>rc;ico;cur;bmp;dlg;rc2;rct;bin;rgs;gif;jpg;jpeg;jpe;resx;tiff;tif;png;wav;mfcribbon-ms</Extensions>
    </Filter>
  </ItemGroup>
  <ItemGroup>
    <ClCompile Include="Source.cpp">
      <Filter>Source Files</Filter>
    </ClCompile>
    <ClCompile Include="Input\InputHandler.cpp">
      <Filter>Source Files</Filter>
    </ClCompile>
    <ClCompile Include="Input\GlfwInputHandler.cpp">
      <Filter>Source Files</Filter>
    </ClCompile>
    <ClCompile Include="Window\GlfwWindow.cpp">
      <Filter>Source Files</Filter>
    </ClCompile>
    <ClCompile Include="Window\WindowInterface.cpp">
      <Filter>Source Files</Filter>
    </ClCompile>
    <ClCompile Include="OGLC\GLProgram.cpp">
      <Filter>Source Files</Filter>
    </ClCompile>
    <ClCompile Include="Demos\ShaderPipelineDemo.cpp">
      <Filter>Source Files</Filter>
    </ClCompile>
    <ClCompile Include="Demos\ShaderDemo.cpp">
      <Filter>Source Files</Filter>
    </ClCompile>
    <ClCompile Include="Demos\FragCoordDemo.cpp">
      <Filter>Source Files</Filter>
    </ClCompile>
    <ClCompile Include="Demos\ShaderColorDemo.cpp">
      <Filter>Source Files</Filter>
    </ClCompile>
    <ClCompile Include="Demos\BufferDemo.cpp">
      <Filter>Source Files</Filter>
    </ClCompile>
    <ClCompile Include="Demos\VertexBufferDemo.cpp">
      <Filter>Source Files</Filter>
    </ClCompile>
    <ClCompile Include="GL\gl_core_4_5.c">
      <Filter>Source Files</Filter>
    </ClCompile>
    <ClCompile Include="Demos\LoadingObjDemo.cpp">
      <Filter>Source Files</Filter>
    </ClCompile>
    <ClCompile Include="Components\Component.cpp">
      <Filter>Source Files</Filter>
    </ClCompile>
    <ClCompile Include="Components\DrawableComponent.cpp">
      <Filter>Source Files</Filter>
    </ClCompile>
    <ClCompile Include="Components\MeshComponent.cpp">
      <Filter>Source Files</Filter>
    </ClCompile>
    <ClCompile Include="GameObjects\GameObject.cpp">
      <Filter>Source Files</Filter>
    </ClCompile>
    <ClCompile Include="Components\TransformComponent.cpp">
      <Filter>Source Files</Filter>
    </ClCompile>
    <ClCompile Include="Util\ServiceLocator.cpp">
      <Filter>Source Files</Filter>
    </ClCompile>
    <ClCompile Include="Rendering\GLRenderer.cpp">
      <Filter>Source Files</Filter>
    </ClCompile>
    <ClCompile Include="Logging\Logger.cpp">
      <Filter>Source Files</Filter>
    </ClCompile>
    <ClCompile Include="Logging\ConsoleLogger.cpp">
      <Filter>Source Files</Filter>
    </ClCompile>
    <ClCompile Include="Cameras\Camera.cpp">
      <Filter>Source Files</Filter>
    </ClCompile>
    <ClCompile Include="Demos\DiffuseDemo.cpp">
      <Filter>Source Files</Filter>
    </ClCompile>
    <ClCompile Include="Demos\ADSDemo.cpp">
      <Filter>Source Files</Filter>
    </ClCompile>
    <ClCompile Include="Demos\DiscardDemo.cpp">
      <Filter>Source Files</Filter>
    </ClCompile>
    <ClCompile Include="Texture2DDemo.cpp">
      <Filter>Source Files</Filter>
    </ClCompile>
  </ItemGroup>
  <ItemGroup>
    <ClInclude Include="resource.h">
      <Filter>Header Files</Filter>
    </ClInclude>
    <ClInclude Include="Input\InputHandler.h">
      <Filter>Header Files</Filter>
    </ClInclude>
    <ClInclude Include="Input\GlfwInputHandler.h">
      <Filter>Header Files</Filter>
    </ClInclude>
    <ClInclude Include="Window\GlfwWindow.h">
      <Filter>Header Files</Filter>
    </ClInclude>
    <ClInclude Include="Window\WindowInterface.h">
      <Filter>Header Files</Filter>
    </ClInclude>
    <ClInclude Include="Input\InputInfo.h">
      <Filter>Header Files</Filter>
    </ClInclude>
    <ClInclude Include="OGLC\GLProgram.h">
      <Filter>Header Files</Filter>
    </ClInclude>
    <ClInclude Include="Demos\ShaderPipelineDemo.h">
      <Filter>Header Files</Filter>
    </ClInclude>
    <ClInclude Include="Demos\ShaderDemo.h">
      <Filter>Header Files</Filter>
    </ClInclude>
    <ClInclude Include="Demos\FragCoordDemo.h">
      <Filter>Header Files</Filter>
    </ClInclude>
    <ClInclude Include="Demos\ShaderColorDemo.h">
      <Filter>Header Files</Filter>
    </ClInclude>
    <ClInclude Include="Demos\BufferDemo.h">
      <Filter>Header Files</Filter>
    </ClInclude>
    <ClInclude Include="Demos\VertexBufferDemo.h">
      <Filter>Header Files</Filter>
    </ClInclude>
    <ClInclude Include="GL\gl_core_4_5.h">
      <Filter>Header Files</Filter>
    </ClInclude>
    <ClInclude Include="Demos\LoadingObjDemo.h">
      <Filter>Header Files</Filter>
    </ClInclude>
    <ClInclude Include="Components\Component.h">
      <Filter>Header Files</Filter>
    </ClInclude>
    <ClInclude Include="Components\DrawableComponent.h">
      <Filter>Header Files</Filter>
    </ClInclude>
    <ClInclude Include="Components\MeshComponent.h">
      <Filter>Header Files</Filter>
    </ClInclude>
    <ClInclude Include="GameObjects\GameObject.h">
      <Filter>Header Files</Filter>
    </ClInclude>
    <ClInclude Include="Components\TransformComponent.h">
      <Filter>Header Files</Filter>
    </ClInclude>
    <ClInclude Include="Util\ServiceLocator.h">
      <Filter>Header Files</Filter>
    </ClInclude>
    <ClInclude Include="Data\Vertex.h">
      <Filter>Header Files</Filter>
    </ClInclude>
    <ClInclude Include="Rendering\GLRenderer.h">
      <Filter>Header Files</Filter>
    </ClInclude>
    <ClInclude Include="Util\GLDebug.h">
      <Filter>Header Files</Filter>
    </ClInclude>
    <ClInclude Include="Logging\Logger.h">
      <Filter>Header Files</Filter>
    </ClInclude>
    <ClInclude Include="Logging\ConsoleLogger.h">
      <Filter>Header Files</Filter>
    </ClInclude>
    <ClInclude Include="Cameras\Camera.h">
      <Filter>Header Files</Filter>
    </ClInclude>
    <ClInclude Include="Demos\DiffuseDemo.h">
      <Filter>Header Files</Filter>
    </ClInclude>
    <ClInclude Include="Data\Light.h">
      <Filter>Header Files</Filter>
    </ClInclude>
    <ClInclude Include="Data\Material.h">
      <Filter>Header Files</Filter>
    </ClInclude>
    <ClInclude Include="Demos\ADSDemo.h">
      <Filter>Header Files</Filter>
    </ClInclude>
    <ClInclude Include="Demos\DiscardDemo.h">
      <Filter>Header Files</Filter>
    </ClInclude>
    <ClInclude Include="Texture2DDemo.h">
      <Filter>Header Files</Filter>
    </ClInclude>
  </ItemGroup>
  <ItemGroup>
    <ResourceCompile Include="00-GlfwWindow.rc">
      <Filter>Resource Files</Filter>
    </ResourceCompile>
  </ItemGroup>
  <ItemGroup>
    <None Include="Assets\Shaders\Fragment\triangleShader.frag" />
    <None Include="Assets\Shaders\Vertex\triangleShader.vert" />
    <None Include="Assets\Shaders\Vertex\pipeline.vert" />
    <None Include="Assets\Shaders\Fragment\pipeline.frag" />
    <None Include="Assets\Shaders\Tessellation\pipeline.tc" />
    <None Include="Assets\Shaders\Tessellation\pipeline.te" />
    <None Include="Assets\Shaders\Geometry\pipeline.geo" />
    <None Include="Assets\Shaders\Fragment\fragCoord.frag" />
    <None Include="Assets\Shaders\Vertex\fragCoord.vert" />
    <None Include="Assets\Shaders\Fragment\shaderColor.frag" />
    <None Include="Assets\Shaders\Vertex\shaderColor.vert" />
    <None Include="Assets\Shaders\Vertex\buffer.vert" />
    <None Include="Assets\Shaders\Fragment\buffer.frag" />
    <None Include="Assets\Shaders\Fragment\uniforms.frag" />
    <None Include="Assets\Shaders\Vertex\uniforms.vert" />
    <None Include="Assets\Shaders\Fragment\diffuseLight.frag" />
    <None Include="Assets\Shaders\Vertex\diffuseLight.vert" />
    <None Include="Assets\Shaders\Vertex\ads.vert" />
    <None Include="Assets\Shaders\Fragment\ads.frag" />
    <None Include="Assets\Shaders\Vertex\discard.vert" />
    <None Include="Assets\Shaders\Fragment\discard.frag" />
  </ItemGroup>
</Project>